
Microsoft Visual Studio Solution File, Format Version 12.00
# Visual Studio 15
VisualStudioVersion = 15.0.27004.2005
MinimumVisualStudioVersion = 10.0.40219.1
Project("{FAE04EC0-301F-11D3-BF4B-00C04F79EFBC}") = "DotNetSimpleProxyServer", "DotNetSimpleProxyServer\DotNetSimpleProxyServer.csproj", "{2E4435DB-158A-47A0-B3C8-66E1E7835AB0}"
EndProject
Global
	GlobalSection(SolutionConfigurationPlatforms) = preSolution
		Debug|Any CPU = Debug|Any CPU
		Release|Any CPU = Release|Any CPU
	EndGlobalSection
	GlobalSection(ProjectConfigurationPlatforms) = postSolution
		{2E4435DB-158A-47A0-B3C8-66E1E7835AB0}.Debug|Any CPU.ActiveCfg = Debug|Any CPU
		{2E4435DB-158A-47A0-B3C8-66E1E7835AB0}.Debug|Any CPU.Build.0 = Debug|Any CPU
		{2E4435DB-158A-47A0-B3C8-66E1E7835AB0}.Release|Any CPU.ActiveCfg = Release|Any CPU
		{2E4435DB-158A-47A0-B3C8-66E1E7835AB0}.Release|Any CPU.Build.0 = Release|Any CPU
	EndGlobalSection
	GlobalSection(SolutionProperties) = preSolution
		HideSolutionNode = FALSE
	EndGlobalSection
	GlobalSection(ExtensibilityGlobals) = postSolution
		SolutionGuid = {1420A0B7-EDAB-4C65-BE5A-520B9A40D44D}
	EndGlobalSection
EndGlobal
